// !$*UTF8*$!
{
	archiveVersion = 1;
	classes = {
	};
	objectVersion = 46;
	objects = {

/* Begin PBXBuildFile section */
		21DEC02A1D1C1E7900EA7470 /* ProfileTableViewController.swift in Sources */ = {isa = PBXBuildFile; fileRef = 21DEC0291D1C1E7900EA7470 /* ProfileTableViewController.swift */; };
		3D201E59C2B6B5322EAC1431 /* Pods_Where2Help.framework in Frameworks */ = {isa = PBXBuildFile; fileRef = 6A90A37481A35B9E4479161C /* Pods_Where2Help.framework */; };
		5B945AA722F2941ACCC4CC7C /* Pods_Where2HelpUITests.framework in Frameworks */ = {isa = PBXBuildFile; fileRef = 62E9BD6177299F152336977B /* Pods_Where2HelpUITests.framework */; };
		64122E6A4969B7D0FAA761F3 /* Pods_Where2HelpTests.framework in Frameworks */ = {isa = PBXBuildFile; fileRef = 6F078BAF1E3AC5F8F819AE78 /* Pods_Where2HelpTests.framework */; };
		930230AF1CAD7D1000AFF791 /* EventStore.swift in Sources */ = {isa = PBXBuildFile; fileRef = 930230AE1CAD7D1000AFF791 /* EventStore.swift */; };
		930230B11CAD7DA700AFF791 /* EventMapper.swift in Sources */ = {isa = PBXBuildFile; fileRef = 930230B01CAD7DA700AFF791 /* EventMapper.swift */; };
		93535A6D1CB6639B0073BDB3 /* ShiftTableViewCell.swift in Sources */ = {isa = PBXBuildFile; fileRef = 93535A6B1CB6639B0073BDB3 /* ShiftTableViewCell.swift */; };
		93535A6E1CB6639B0073BDB3 /* ShiftTableViewCell.xib in Resources */ = {isa = PBXBuildFile; fileRef = 93535A6C1CB6639B0073BDB3 /* ShiftTableViewCell.xib */; };
		93535A701CB669690073BDB3 /* EventsViewController.swift in Sources */ = {isa = PBXBuildFile; fileRef = 93535A6F1CB669690073BDB3 /* EventsViewController.swift */; };
		93535A721CB66D530073BDB3 /* EventsInteractor.swift in Sources */ = {isa = PBXBuildFile; fileRef = 93535A711CB66D530073BDB3 /* EventsInteractor.swift */; };
		93535A741CB66DE70073BDB3 /* EventsHandler.swift in Sources */ = {isa = PBXBuildFile; fileRef = 93535A731CB66DE70073BDB3 /* EventsHandler.swift */; };
		93535A761CB67FD90073BDB3 /* EventCalendar.swift in Sources */ = {isa = PBXBuildFile; fileRef = 93535A751CB67FD90073BDB3 /* EventCalendar.swift */; };
		93535A781CB67FE00073BDB3 /* EventDay.swift in Sources */ = {isa = PBXBuildFile; fileRef = 93535A771CB67FE00073BDB3 /* EventDay.swift */; };
		9390ABBB1CA47516006F7572 /* AppDelegate.swift in Sources */ = {isa = PBXBuildFile; fileRef = 9390ABBA1CA47516006F7572 /* AppDelegate.swift */; };
		9390ABC21CA47516006F7572 /* Main.storyboard in Resources */ = {isa = PBXBuildFile; fileRef = 9390ABC01CA47516006F7572 /* Main.storyboard */; };
		9390ABC41CA47516006F7572 /* Assets.xcassets in Resources */ = {isa = PBXBuildFile; fileRef = 9390ABC31CA47516006F7572 /* Assets.xcassets */; };
		9390ABC71CA47516006F7572 /* LaunchScreen.storyboard in Resources */ = {isa = PBXBuildFile; fileRef = 9390ABC51CA47516006F7572 /* LaunchScreen.storyboard */; };
		9390ABD21CA47517006F7572 /* Where2HelpTests.swift in Sources */ = {isa = PBXBuildFile; fileRef = 9390ABD11CA47517006F7572 /* Where2HelpTests.swift */; };
		9390ABDD1CA47517006F7572 /* Where2HelpUITests.swift in Sources */ = {isa = PBXBuildFile; fileRef = 9390ABDC1CA47517006F7572 /* Where2HelpUITests.swift */; };
		93A37CBF1CAD8495006089D1 /* NSDate.swift in Sources */ = {isa = PBXBuildFile; fileRef = 93A37CBE1CAD8495006089D1 /* NSDate.swift */; };
		93A37D011CADC918006089D1 /* EventCollectionViewCell.swift in Sources */ = {isa = PBXBuildFile; fileRef = 93A37CFF1CADC918006089D1 /* EventCollectionViewCell.swift */; };
		93F55B111CB7E42E00E7EF4B /* EventCollectionViewCell.xib in Resources */ = {isa = PBXBuildFile; fileRef = 93F55B0F1CB7E42E00E7EF4B /* EventCollectionViewCell.xib */; };
		93F55B131CB7EF3000E7EF4B /* EventPresenter.swift in Sources */ = {isa = PBXBuildFile; fileRef = 93F55B121CB7EF2F00E7EF4B /* EventPresenter.swift */; };
		93F55B151CB7F37B00E7EF4B /* ShiftPresenter.swift in Sources */ = {isa = PBXBuildFile; fileRef = 93F55B141CB7F37B00E7EF4B /* ShiftPresenter.swift */; };
		93F55B171CB8522100E7EF4B /* ShiftDetailViewController.swift in Sources */ = {isa = PBXBuildFile; fileRef = 93F55B161CB8522100E7EF4B /* ShiftDetailViewController.swift */; };
		93F55B1A1CB8524D00E7EF4B /* ShiftDetailInteractor.swift in Sources */ = {isa = PBXBuildFile; fileRef = 93F55B191CB8524D00E7EF4B /* ShiftDetailInteractor.swift */; };
		93F55B1C1CB8529900E7EF4B /* ShiftHandler.swift in Sources */ = {isa = PBXBuildFile; fileRef = 93F55B1B1CB8529900E7EF4B /* ShiftHandler.swift */; };
		93F55B1E1CB903B200E7EF4B /* EventGeo.swift in Sources */ = {isa = PBXBuildFile; fileRef = 93F55B1D1CB903B200E7EF4B /* EventGeo.swift */; };
		93F55B251CB90B1700E7EF4B /* MapOperation.swift in Sources */ = {isa = PBXBuildFile; fileRef = 93F55B241CB90B1700E7EF4B /* MapOperation.swift */; };
		93F55B271CB90BA900E7EF4B /* Locatable.swift in Sources */ = {isa = PBXBuildFile; fileRef = 93F55B261CB90BA900E7EF4B /* Locatable.swift */; };
		93F55B291CB90BE300E7EF4B /* CoreLocation.framework in Frameworks */ = {isa = PBXBuildFile; fileRef = 93F55B281CB90BE300E7EF4B /* CoreLocation.framework */; };
		93F55B2B1CB90DCF00E7EF4B /* Coords.swift in Sources */ = {isa = PBXBuildFile; fileRef = 93F55B2A1CB90DCF00E7EF4B /* Coords.swift */; };
		93F55B2F1CB93C1700E7EF4B /* shifts-all.json in Resources */ = {isa = PBXBuildFile; fileRef = 93F55B2C1CB93C1700E7EF4B /* shifts-all.json */; };
		93F55B301CB93C1700E7EF4B /* shifts-current.json in Resources */ = {isa = PBXBuildFile; fileRef = 93F55B2D1CB93C1700E7EF4B /* shifts-current.json */; };
		93F55B311CB93C1700E7EF4B /* shifts-past.json in Resources */ = {isa = PBXBuildFile; fileRef = 93F55B2E1CB93C1700E7EF4B /* shifts-past.json */; };
		F82360CA1D253E7800F0E276 /* RegistrationViewController.swift in Sources */ = {isa = PBXBuildFile; fileRef = F82360C91D253E7800F0E276 /* RegistrationViewController.swift */; };
		F89843B91CEDFD2E009B154C /* SignInViewController.swift in Sources */ = {isa = PBXBuildFile; fileRef = F89843B81CEDFD2E009B154C /* SignInViewController.swift */; };
		F89843BB1CEE0BEE009B154C /* Constants.swift in Sources */ = {isa = PBXBuildFile; fileRef = F89843BA1CEE0BEE009B154C /* Constants.swift */; };
		F8A063CB1D12DE18009449F7 /* OptInAndOutButton.swift in Sources */ = {isa = PBXBuildFile; fileRef = F8A063CA1D12DE18009449F7 /* OptInAndOutButton.swift */; };
		F8A063CE1D12E032009449F7 /* Theme.swift in Sources */ = {isa = PBXBuildFile; fileRef = F8A063CD1D12E032009449F7 /* Theme.swift */; };
		F8A631FA1D099E0E000AB8D3 /* LandingPageViewController.swift in Sources */ = {isa = PBXBuildFile; fileRef = F8A631F91D099E0E000AB8D3 /* LandingPageViewController.swift */; };
		F8A631FC1D099F45000AB8D3 /* UserManager.swift in Sources */ = {isa = PBXBuildFile; fileRef = F8A631FB1D099F45000AB8D3 /* UserManager.swift */; };
		F8AA2CFD1CF7451500F108EE /* APIClient.swift in Sources */ = {isa = PBXBuildFile; fileRef = F8AA2CFC1CF7451500F108EE /* APIClient.swift */; };
		F8AA2D001CF7516400F108EE /* User.swift in Sources */ = {isa = PBXBuildFile; fileRef = F8AA2CFF1CF7516400F108EE /* User.swift */; };
/* End PBXBuildFile section */

/* Begin PBXContainerItemProxy section */
		9390ABCE1CA47517006F7572 /* PBXContainerItemProxy */ = {
			isa = PBXContainerItemProxy;
			containerPortal = 9390ABAF1CA47516006F7572 /* Project object */;
			proxyType = 1;
			remoteGlobalIDString = 9390ABB61CA47516006F7572;
			remoteInfo = Where2Help;
		};
		9390ABD91CA47517006F7572 /* PBXContainerItemProxy */ = {
			isa = PBXContainerItemProxy;
			containerPortal = 9390ABAF1CA47516006F7572 /* Project object */;
			proxyType = 1;
			remoteGlobalIDString = 9390ABB61CA47516006F7572;
			remoteInfo = Where2Help;
		};
/* End PBXContainerItemProxy section */

/* Begin PBXFileReference section */
		21DEC0291D1C1E7900EA7470 /* ProfileTableViewController.swift */ = {isa = PBXFileReference; fileEncoding = 4; lastKnownFileType = sourcecode.swift; name = ProfileTableViewController.swift; path = Controllers/ProfileTableViewController.swift; sourceTree = "<group>"; };
		5C4823273F8BC8802CC8A9B5 /* Pods-Where2Help.debug.xcconfig */ = {isa = PBXFileReference; includeInIndex = 1; lastKnownFileType = text.xcconfig; name = "Pods-Where2Help.debug.xcconfig"; path = "Pods/Target Support Files/Pods-Where2Help/Pods-Where2Help.debug.xcconfig"; sourceTree = "<group>"; };
		62E9BD6177299F152336977B /* Pods_Where2HelpUITests.framework */ = {isa = PBXFileReference; explicitFileType = wrapper.framework; includeInIndex = 0; path = Pods_Where2HelpUITests.framework; sourceTree = BUILT_PRODUCTS_DIR; };
		6A90A37481A35B9E4479161C /* Pods_Where2Help.framework */ = {isa = PBXFileReference; explicitFileType = wrapper.framework; includeInIndex = 0; path = Pods_Where2Help.framework; sourceTree = BUILT_PRODUCTS_DIR; };
		6F078BAF1E3AC5F8F819AE78 /* Pods_Where2HelpTests.framework */ = {isa = PBXFileReference; explicitFileType = wrapper.framework; includeInIndex = 0; path = Pods_Where2HelpTests.framework; sourceTree = BUILT_PRODUCTS_DIR; };
		729D76BB318251637E18A294 /* Pods-Where2HelpTests.release.xcconfig */ = {isa = PBXFileReference; includeInIndex = 1; lastKnownFileType = text.xcconfig; name = "Pods-Where2HelpTests.release.xcconfig"; path = "Pods/Target Support Files/Pods-Where2HelpTests/Pods-Where2HelpTests.release.xcconfig"; sourceTree = "<group>"; };
		8A54A4F70B39A37E79EC7873 /* Pods-Where2HelpUITests.release.xcconfig */ = {isa = PBXFileReference; includeInIndex = 1; lastKnownFileType = text.xcconfig; name = "Pods-Where2HelpUITests.release.xcconfig"; path = "Pods/Target Support Files/Pods-Where2HelpUITests/Pods-Where2HelpUITests.release.xcconfig"; sourceTree = "<group>"; };
		930230AE1CAD7D1000AFF791 /* EventStore.swift */ = {isa = PBXFileReference; fileEncoding = 4; lastKnownFileType = sourcecode.swift; name = EventStore.swift; path = Where2Help/EventStore.swift; sourceTree = "<group>"; };
		930230B01CAD7DA700AFF791 /* EventMapper.swift */ = {isa = PBXFileReference; fileEncoding = 4; lastKnownFileType = sourcecode.swift; name = EventMapper.swift; path = Where2Help/EventMapper.swift; sourceTree = "<group>"; };
		93535A6B1CB6639B0073BDB3 /* ShiftTableViewCell.swift */ = {isa = PBXFileReference; fileEncoding = 4; lastKnownFileType = sourcecode.swift; path = ShiftTableViewCell.swift; sourceTree = "<group>"; };
		93535A6C1CB6639B0073BDB3 /* ShiftTableViewCell.xib */ = {isa = PBXFileReference; fileEncoding = 4; lastKnownFileType = file.xib; path = ShiftTableViewCell.xib; sourceTree = "<group>"; };
		93535A6F1CB669690073BDB3 /* EventsViewController.swift */ = {isa = PBXFileReference; fileEncoding = 4; lastKnownFileType = sourcecode.swift; name = EventsViewController.swift; path = ../EventsViewController.swift; sourceTree = "<group>"; };
		93535A711CB66D530073BDB3 /* EventsInteractor.swift */ = {isa = PBXFileReference; fileEncoding = 4; lastKnownFileType = sourcecode.swift; path = EventsInteractor.swift; sourceTree = "<group>"; };
		93535A731CB66DE70073BDB3 /* EventsHandler.swift */ = {isa = PBXFileReference; fileEncoding = 4; lastKnownFileType = sourcecode.swift; path = EventsHandler.swift; sourceTree = "<group>"; };
		93535A751CB67FD90073BDB3 /* EventCalendar.swift */ = {isa = PBXFileReference; fileEncoding = 4; lastKnownFileType = sourcecode.swift; path = EventCalendar.swift; sourceTree = "<group>"; };
		93535A771CB67FE00073BDB3 /* EventDay.swift */ = {isa = PBXFileReference; fileEncoding = 4; lastKnownFileType = sourcecode.swift; path = EventDay.swift; sourceTree = "<group>"; };
		9390ABB71CA47516006F7572 /* Where2Help.app */ = {isa = PBXFileReference; explicitFileType = wrapper.application; includeInIndex = 0; path = Where2Help.app; sourceTree = BUILT_PRODUCTS_DIR; };
		9390ABBA1CA47516006F7572 /* AppDelegate.swift */ = {isa = PBXFileReference; lastKnownFileType = sourcecode.swift; path = AppDelegate.swift; sourceTree = "<group>"; };
		9390ABC11CA47516006F7572 /* Base */ = {isa = PBXFileReference; lastKnownFileType = file.storyboard; name = Base; path = Base.lproj/Main.storyboard; sourceTree = "<group>"; };
		9390ABC31CA47516006F7572 /* Assets.xcassets */ = {isa = PBXFileReference; lastKnownFileType = folder.assetcatalog; path = Assets.xcassets; sourceTree = "<group>"; };
		9390ABC61CA47516006F7572 /* Base */ = {isa = PBXFileReference; lastKnownFileType = file.storyboard; name = Base; path = Base.lproj/LaunchScreen.storyboard; sourceTree = "<group>"; };
		9390ABC81CA47516006F7572 /* Info.plist */ = {isa = PBXFileReference; lastKnownFileType = text.plist.xml; path = Info.plist; sourceTree = "<group>"; };
		9390ABCD1CA47517006F7572 /* Where2HelpTests.xctest */ = {isa = PBXFileReference; explicitFileType = wrapper.cfbundle; includeInIndex = 0; path = Where2HelpTests.xctest; sourceTree = BUILT_PRODUCTS_DIR; };
		9390ABD11CA47517006F7572 /* Where2HelpTests.swift */ = {isa = PBXFileReference; lastKnownFileType = sourcecode.swift; path = Where2HelpTests.swift; sourceTree = "<group>"; };
		9390ABD31CA47517006F7572 /* Info.plist */ = {isa = PBXFileReference; lastKnownFileType = text.plist.xml; path = Info.plist; sourceTree = "<group>"; };
		9390ABD81CA47517006F7572 /* Where2HelpUITests.xctest */ = {isa = PBXFileReference; explicitFileType = wrapper.cfbundle; includeInIndex = 0; path = Where2HelpUITests.xctest; sourceTree = BUILT_PRODUCTS_DIR; };
		9390ABDC1CA47517006F7572 /* Where2HelpUITests.swift */ = {isa = PBXFileReference; lastKnownFileType = sourcecode.swift; path = Where2HelpUITests.swift; sourceTree = "<group>"; };
		9390ABDE1CA47517006F7572 /* Info.plist */ = {isa = PBXFileReference; lastKnownFileType = text.plist.xml; path = Info.plist; sourceTree = "<group>"; };
		93A37CBE1CAD8495006089D1 /* NSDate.swift */ = {isa = PBXFileReference; fileEncoding = 4; lastKnownFileType = sourcecode.swift; path = NSDate.swift; sourceTree = "<group>"; };
		93A37CFF1CADC918006089D1 /* EventCollectionViewCell.swift */ = {isa = PBXFileReference; fileEncoding = 4; lastKnownFileType = sourcecode.swift; path = EventCollectionViewCell.swift; sourceTree = "<group>"; };
		93F55B0F1CB7E42E00E7EF4B /* EventCollectionViewCell.xib */ = {isa = PBXFileReference; fileEncoding = 4; lastKnownFileType = file.xib; path = EventCollectionViewCell.xib; sourceTree = "<group>"; };
		93F55B121CB7EF2F00E7EF4B /* EventPresenter.swift */ = {isa = PBXFileReference; fileEncoding = 4; lastKnownFileType = sourcecode.swift; path = EventPresenter.swift; sourceTree = "<group>"; };
		93F55B141CB7F37B00E7EF4B /* ShiftPresenter.swift */ = {isa = PBXFileReference; fileEncoding = 4; lastKnownFileType = sourcecode.swift; path = ShiftPresenter.swift; sourceTree = "<group>"; };
		93F55B161CB8522100E7EF4B /* ShiftDetailViewController.swift */ = {isa = PBXFileReference; fileEncoding = 4; lastKnownFileType = sourcecode.swift; path = ShiftDetailViewController.swift; sourceTree = "<group>"; };
		93F55B191CB8524D00E7EF4B /* ShiftDetailInteractor.swift */ = {isa = PBXFileReference; fileEncoding = 4; lastKnownFileType = sourcecode.swift; path = ShiftDetailInteractor.swift; sourceTree = "<group>"; };
		93F55B1B1CB8529900E7EF4B /* ShiftHandler.swift */ = {isa = PBXFileReference; fileEncoding = 4; lastKnownFileType = sourcecode.swift; path = ShiftHandler.swift; sourceTree = "<group>"; };
		93F55B1D1CB903B200E7EF4B /* EventGeo.swift */ = {isa = PBXFileReference; fileEncoding = 4; lastKnownFileType = sourcecode.swift; path = EventGeo.swift; sourceTree = "<group>"; };
		93F55B241CB90B1700E7EF4B /* MapOperation.swift */ = {isa = PBXFileReference; fileEncoding = 4; lastKnownFileType = sourcecode.swift; path = MapOperation.swift; sourceTree = "<group>"; };
		93F55B261CB90BA900E7EF4B /* Locatable.swift */ = {isa = PBXFileReference; fileEncoding = 4; lastKnownFileType = sourcecode.swift; path = Locatable.swift; sourceTree = "<group>"; };
		93F55B281CB90BE300E7EF4B /* CoreLocation.framework */ = {isa = PBXFileReference; lastKnownFileType = wrapper.framework; name = CoreLocation.framework; path = System/Library/Frameworks/CoreLocation.framework; sourceTree = SDKROOT; };
		93F55B2A1CB90DCF00E7EF4B /* Coords.swift */ = {isa = PBXFileReference; fileEncoding = 4; lastKnownFileType = sourcecode.swift; path = Coords.swift; sourceTree = "<group>"; };
		93F55B2C1CB93C1700E7EF4B /* shifts-all.json */ = {isa = PBXFileReference; fileEncoding = 4; lastKnownFileType = text.json; path = "shifts-all.json"; sourceTree = "<group>"; };
		93F55B2D1CB93C1700E7EF4B /* shifts-current.json */ = {isa = PBXFileReference; fileEncoding = 4; lastKnownFileType = text.json; path = "shifts-current.json"; sourceTree = "<group>"; };
		93F55B2E1CB93C1700E7EF4B /* shifts-past.json */ = {isa = PBXFileReference; fileEncoding = 4; lastKnownFileType = text.json; path = "shifts-past.json"; sourceTree = "<group>"; };
		DD122308B2FFF2C24E346C13 /* Pods-Where2HelpUITests.debug.xcconfig */ = {isa = PBXFileReference; includeInIndex = 1; lastKnownFileType = text.xcconfig; name = "Pods-Where2HelpUITests.debug.xcconfig"; path = "Pods/Target Support Files/Pods-Where2HelpUITests/Pods-Where2HelpUITests.debug.xcconfig"; sourceTree = "<group>"; };
		E012CEC14CDADDB09E56A834 /* Pods-Where2Help.release.xcconfig */ = {isa = PBXFileReference; includeInIndex = 1; lastKnownFileType = text.xcconfig; name = "Pods-Where2Help.release.xcconfig"; path = "Pods/Target Support Files/Pods-Where2Help/Pods-Where2Help.release.xcconfig"; sourceTree = "<group>"; };
		EF170BDA0D0798BAC39ECC4C /* Pods-Where2HelpTests.debug.xcconfig */ = {isa = PBXFileReference; includeInIndex = 1; lastKnownFileType = text.xcconfig; name = "Pods-Where2HelpTests.debug.xcconfig"; path = "Pods/Target Support Files/Pods-Where2HelpTests/Pods-Where2HelpTests.debug.xcconfig"; sourceTree = "<group>"; };
		F82360C91D253E7800F0E276 /* RegistrationViewController.swift */ = {isa = PBXFileReference; fileEncoding = 4; lastKnownFileType = sourcecode.swift; name = RegistrationViewController.swift; path = Controllers/RegistrationViewController.swift; sourceTree = "<group>"; };
		F89843B81CEDFD2E009B154C /* SignInViewController.swift */ = {isa = PBXFileReference; fileEncoding = 4; lastKnownFileType = sourcecode.swift; name = SignInViewController.swift; path = Controllers/SignInViewController.swift; sourceTree = "<group>"; };
		F89843BA1CEE0BEE009B154C /* Constants.swift */ = {isa = PBXFileReference; fileEncoding = 4; lastKnownFileType = sourcecode.swift; path = Constants.swift; sourceTree = "<group>"; };
		F8A063CA1D12DE18009449F7 /* OptInAndOutButton.swift */ = {isa = PBXFileReference; fileEncoding = 4; lastKnownFileType = sourcecode.swift; path = OptInAndOutButton.swift; sourceTree = "<group>"; };
		F8A063CD1D12E032009449F7 /* Theme.swift */ = {isa = PBXFileReference; fileEncoding = 4; lastKnownFileType = sourcecode.swift; path = Theme.swift; sourceTree = "<group>"; };
		F8A631F91D099E0E000AB8D3 /* LandingPageViewController.swift */ = {isa = PBXFileReference; fileEncoding = 4; lastKnownFileType = sourcecode.swift; name = LandingPageViewController.swift; path = Controllers/LandingPageViewController.swift; sourceTree = "<group>"; };
		F8A631FB1D099F45000AB8D3 /* UserManager.swift */ = {isa = PBXFileReference; fileEncoding = 4; lastKnownFileType = sourcecode.swift; name = UserManager.swift; path = Models/UserManager.swift; sourceTree = "<group>"; };
		F8AA2CFC1CF7451500F108EE /* APIClient.swift */ = {isa = PBXFileReference; fileEncoding = 4; lastKnownFileType = sourcecode.swift; name = APIClient.swift; path = Models/APIClient.swift; sourceTree = "<group>"; };
		F8AA2CFF1CF7516400F108EE /* User.swift */ = {isa = PBXFileReference; fileEncoding = 4; lastKnownFileType = sourcecode.swift; name = User.swift; path = Models/User.swift; sourceTree = "<group>"; };
/* End PBXFileReference section */

/* Begin PBXFrameworksBuildPhase section */
		9390ABB41CA47516006F7572 /* Frameworks */ = {
			isa = PBXFrameworksBuildPhase;
			buildActionMask = 2147483647;
			files = (
				93F55B291CB90BE300E7EF4B /* CoreLocation.framework in Frameworks */,
				3D201E59C2B6B5322EAC1431 /* Pods_Where2Help.framework in Frameworks */,
			);
			runOnlyForDeploymentPostprocessing = 0;
		};
		9390ABCA1CA47517006F7572 /* Frameworks */ = {
			isa = PBXFrameworksBuildPhase;
			buildActionMask = 2147483647;
			files = (
				64122E6A4969B7D0FAA761F3 /* Pods_Where2HelpTests.framework in Frameworks */,
			);
			runOnlyForDeploymentPostprocessing = 0;
		};
		9390ABD51CA47517006F7572 /* Frameworks */ = {
			isa = PBXFrameworksBuildPhase;
			buildActionMask = 2147483647;
			files = (
				5B945AA722F2941ACCC4CC7C /* Pods_Where2HelpUITests.framework in Frameworks */,
			);
			runOnlyForDeploymentPostprocessing = 0;
		};
/* End PBXFrameworksBuildPhase section */

/* Begin PBXGroup section */
		6E44B785DDACEFB5E97C99EA /* Pods */ = {
			isa = PBXGroup;
			children = (
				5C4823273F8BC8802CC8A9B5 /* Pods-Where2Help.debug.xcconfig */,
				E012CEC14CDADDB09E56A834 /* Pods-Where2Help.release.xcconfig */,
				EF170BDA0D0798BAC39ECC4C /* Pods-Where2HelpTests.debug.xcconfig */,
				729D76BB318251637E18A294 /* Pods-Where2HelpTests.release.xcconfig */,
				DD122308B2FFF2C24E346C13 /* Pods-Where2HelpUITests.debug.xcconfig */,
				8A54A4F70B39A37E79EC7873 /* Pods-Where2HelpUITests.release.xcconfig */,
			);
			name = Pods;
			sourceTree = "<group>";
		};
		930230A41CAD6FB700AFF791 /* Concepts */ = {
			isa = PBXGroup;
			children = (
				93F55B231CB90AF800E7EF4B /* Map */,
				930230A51CAD6FD800AFF791 /* Event */,
			);
			name = Concepts;
			path = ..;
			sourceTree = "<group>";
		};
		930230A51CAD6FD800AFF791 /* Event */ = {
			isa = PBXGroup;
			children = (
				93F55B181CB8522F00E7EF4B /* Shift */,
				93535A711CB66D530073BDB3 /* EventsInteractor.swift */,
				93F55B121CB7EF2F00E7EF4B /* EventPresenter.swift */,
				93535A731CB66DE70073BDB3 /* EventsHandler.swift */,
				93F55B1D1CB903B200E7EF4B /* EventGeo.swift */,
				930230AE1CAD7D1000AFF791 /* EventStore.swift */,
				930230B01CAD7DA700AFF791 /* EventMapper.swift */,
				93535A751CB67FD90073BDB3 /* EventCalendar.swift */,
				93535A771CB67FE00073BDB3 /* EventDay.swift */,
				93A37CFE1CADC86A006089D1 /* Views */,
			);
			name = Event;
			sourceTree = "<group>";
		};
		930230A61CAD6FEE00AFF791 /* Controllers */ = {
			isa = PBXGroup;
			children = (
				21DEC0291D1C1E7900EA7470 /* ProfileTableViewController.swift */,
				93F55B161CB8522100E7EF4B /* ShiftDetailViewController.swift */,
				93535A6F1CB669690073BDB3 /* EventsViewController.swift */,
				F89843B81CEDFD2E009B154C /* SignInViewController.swift */,
				F8A631F91D099E0E000AB8D3 /* LandingPageViewController.swift */,
				F82360C91D253E7800F0E276 /* RegistrationViewController.swift */,
			);
			name = Controllers;
			sourceTree = "<group>";
		};
		930230A71CAD703900AFF791 /* Models */ = {
			isa = PBXGroup;
			children = (
				F8AA2CFC1CF7451500F108EE /* APIClient.swift */,
				F8AA2CFF1CF7516400F108EE /* User.swift */,
				F8A631FB1D099F45000AB8D3 /* UserManager.swift */,
			);
			name = Models;
			sourceTree = "<group>";
		};
		930230AB1CAD774F00AFF791 /* Resources */ = {
			isa = PBXGroup;
			children = (
				93F55B2C1CB93C1700E7EF4B /* shifts-all.json */,
				93F55B2D1CB93C1700E7EF4B /* shifts-current.json */,
				93F55B2E1CB93C1700E7EF4B /* shifts-past.json */,
			);
			name = Resources;
			sourceTree = "<group>";
		};
		9390ABAE1CA47516006F7572 = {
			isa = PBXGroup;
			children = (
				9390ABB91CA47516006F7572 /* Where2Help */,
				9390ABD01CA47517006F7572 /* Where2HelpTests */,
				9390ABDB1CA47517006F7572 /* Where2HelpUITests */,
				9390ABB81CA47516006F7572 /* Products */,
				6E44B785DDACEFB5E97C99EA /* Pods */,
				DFFC3B11BA0EEB73B6F6B573 /* Frameworks */,
			);
			sourceTree = "<group>";
		};
		9390ABB81CA47516006F7572 /* Products */ = {
			isa = PBXGroup;
			children = (
				9390ABB71CA47516006F7572 /* Where2Help.app */,
				9390ABCD1CA47517006F7572 /* Where2HelpTests.xctest */,
				9390ABD81CA47517006F7572 /* Where2HelpUITests.xctest */,
			);
			name = Products;
			sourceTree = "<group>";
		};
		9390ABB91CA47516006F7572 /* Where2Help */ = {
			isa = PBXGroup;
			children = (
				930230A41CAD6FB700AFF791 /* Concepts */,
				930230A61CAD6FEE00AFF791 /* Controllers */,
				93A37CBC1CAD8480006089D1 /* Ext */,
				930230A71CAD703900AFF791 /* Models */,
				F8A063C91D12DE07009449F7 /* Views */,
				F8A063CC1D12E02B009449F7 /* Helpers */,
				930230AB1CAD774F00AFF791 /* Resources */,
				9390ABBA1CA47516006F7572 /* AppDelegate.swift */,
				9390ABC01CA47516006F7572 /* Main.storyboard */,
				9390ABC31CA47516006F7572 /* Assets.xcassets */,
				9390ABC51CA47516006F7572 /* LaunchScreen.storyboard */,
				9390ABC81CA47516006F7572 /* Info.plist */,
				F89843BA1CEE0BEE009B154C /* Constants.swift */,
			);
			path = Where2Help;
			sourceTree = "<group>";
		};
		9390ABD01CA47517006F7572 /* Where2HelpTests */ = {
			isa = PBXGroup;
			children = (
				9390ABD11CA47517006F7572 /* Where2HelpTests.swift */,
				9390ABD31CA47517006F7572 /* Info.plist */,
			);
			path = Where2HelpTests;
			sourceTree = "<group>";
		};
		9390ABDB1CA47517006F7572 /* Where2HelpUITests */ = {
			isa = PBXGroup;
			children = (
				9390ABDC1CA47517006F7572 /* Where2HelpUITests.swift */,
				9390ABDE1CA47517006F7572 /* Info.plist */,
			);
			path = Where2HelpUITests;
			sourceTree = "<group>";
		};
		93A37CBC1CAD8480006089D1 /* Ext */ = {
			isa = PBXGroup;
			children = (
				93A37CBE1CAD8495006089D1 /* NSDate.swift */,
			);
			name = Ext;
			sourceTree = "<group>";
		};
		93A37CFE1CADC86A006089D1 /* Views */ = {
			isa = PBXGroup;
			children = (
				93A37CFF1CADC918006089D1 /* EventCollectionViewCell.swift */,
				93F55B0F1CB7E42E00E7EF4B /* EventCollectionViewCell.xib */,
				93535A6B1CB6639B0073BDB3 /* ShiftTableViewCell.swift */,
				93535A6C1CB6639B0073BDB3 /* ShiftTableViewCell.xib */,
			);
			name = Views;
			sourceTree = "<group>";
		};
		93F55B181CB8522F00E7EF4B /* Shift */ = {
			isa = PBXGroup;
			children = (
				93F55B141CB7F37B00E7EF4B /* ShiftPresenter.swift */,
				93F55B191CB8524D00E7EF4B /* ShiftDetailInteractor.swift */,
				93F55B1B1CB8529900E7EF4B /* ShiftHandler.swift */,
			);
			name = Shift;
			sourceTree = "<group>";
		};
		93F55B231CB90AF800E7EF4B /* Map */ = {
			isa = PBXGroup;
			children = (
				93F55B241CB90B1700E7EF4B /* MapOperation.swift */,
				93F55B2A1CB90DCF00E7EF4B /* Coords.swift */,
				93F55B261CB90BA900E7EF4B /* Locatable.swift */,
			);
			name = Map;
			sourceTree = "<group>";
		};
		DFFC3B11BA0EEB73B6F6B573 /* Frameworks */ = {
			isa = PBXGroup;
			children = (
				93F55B281CB90BE300E7EF4B /* CoreLocation.framework */,
				6A90A37481A35B9E4479161C /* Pods_Where2Help.framework */,
				6F078BAF1E3AC5F8F819AE78 /* Pods_Where2HelpTests.framework */,
				62E9BD6177299F152336977B /* Pods_Where2HelpUITests.framework */,
			);
			name = Frameworks;
			sourceTree = "<group>";
		};
		F8A063C91D12DE07009449F7 /* Views */ = {
			isa = PBXGroup;
			children = (
				F8A063CA1D12DE18009449F7 /* OptInAndOutButton.swift */,
			);
			path = Views;
			sourceTree = "<group>";
		};
		F8A063CC1D12E02B009449F7 /* Helpers */ = {
			isa = PBXGroup;
			children = (
				F8A063CD1D12E032009449F7 /* Theme.swift */,
			);
			path = Helpers;
			sourceTree = "<group>";
		};
/* End PBXGroup section */

/* Begin PBXNativeTarget section */
		9390ABB61CA47516006F7572 /* Where2Help */ = {
			isa = PBXNativeTarget;
			buildConfigurationList = 9390ABE11CA47517006F7572 /* Build configuration list for PBXNativeTarget "Where2Help" */;
			buildPhases = (
				0BE84EC016ECA5791EA9D85B /* 📦 Check Pods Manifest.lock */,
				9390ABB31CA47516006F7572 /* Sources */,
				9390ABB41CA47516006F7572 /* Frameworks */,
				9390ABB51CA47516006F7572 /* Resources */,
				09D22F1F45D384A2B0F43C7E /* 📦 Embed Pods Frameworks */,
				7C2C24D7A9833FC66A9990D0 /* 📦 Copy Pods Resources */,
			);
			buildRules = (
			);
			dependencies = (
			);
			name = Where2Help;
			productName = Where2Help;
			productReference = 9390ABB71CA47516006F7572 /* Where2Help.app */;
			productType = "com.apple.product-type.application";
		};
		9390ABCC1CA47517006F7572 /* Where2HelpTests */ = {
			isa = PBXNativeTarget;
			buildConfigurationList = 9390ABE41CA47517006F7572 /* Build configuration list for PBXNativeTarget "Where2HelpTests" */;
			buildPhases = (
				C358A4255CD1499EF6433802 /* 📦 Check Pods Manifest.lock */,
				9390ABC91CA47517006F7572 /* Sources */,
				9390ABCA1CA47517006F7572 /* Frameworks */,
				9390ABCB1CA47517006F7572 /* Resources */,
				C5928EC702F3754D9C319F87 /* 📦 Embed Pods Frameworks */,
				28FC12C13147A82ACAA8ED52 /* 📦 Copy Pods Resources */,
			);
			buildRules = (
			);
			dependencies = (
				9390ABCF1CA47517006F7572 /* PBXTargetDependency */,
			);
			name = Where2HelpTests;
			productName = Where2HelpTests;
			productReference = 9390ABCD1CA47517006F7572 /* Where2HelpTests.xctest */;
			productType = "com.apple.product-type.bundle.unit-test";
		};
		9390ABD71CA47517006F7572 /* Where2HelpUITests */ = {
			isa = PBXNativeTarget;
			buildConfigurationList = 9390ABE71CA47517006F7572 /* Build configuration list for PBXNativeTarget "Where2HelpUITests" */;
			buildPhases = (
				EECF16AE251313B32572D908 /* 📦 Check Pods Manifest.lock */,
				9390ABD41CA47517006F7572 /* Sources */,
				9390ABD51CA47517006F7572 /* Frameworks */,
				9390ABD61CA47517006F7572 /* Resources */,
				3D4102AE5ACD18B08845F1D7 /* 📦 Copy Pods Resources */,
			);
			buildRules = (
			);
			dependencies = (
				9390ABDA1CA47517006F7572 /* PBXTargetDependency */,
			);
			name = Where2HelpUITests;
			productName = Where2HelpUITests;
			productReference = 9390ABD81CA47517006F7572 /* Where2HelpUITests.xctest */;
			productType = "com.apple.product-type.bundle.ui-testing";
		};
/* End PBXNativeTarget section */

/* Begin PBXProject section */
		9390ABAF1CA47516006F7572 /* Project object */ = {
			isa = PBXProject;
			attributes = {
				LastSwiftUpdateCheck = 0720;
				LastUpgradeCheck = 0720;
				ORGANIZATIONNAME = Where2Help;
				TargetAttributes = {
					9390ABB61CA47516006F7572 = {
						CreatedOnToolsVersion = 7.2.1;
						DevelopmentTeam = TR8JBFJ3WX;
					};
					9390ABCC1CA47517006F7572 = {
						CreatedOnToolsVersion = 7.2.1;
						TestTargetID = 9390ABB61CA47516006F7572;
					};
					9390ABD71CA47517006F7572 = {
						CreatedOnToolsVersion = 7.2.1;
						TestTargetID = 9390ABB61CA47516006F7572;
					};
				};
			};
			buildConfigurationList = 9390ABB21CA47516006F7572 /* Build configuration list for PBXProject "Where2Help" */;
			compatibilityVersion = "Xcode 3.2";
			developmentRegion = English;
			hasScannedForEncodings = 0;
			knownRegions = (
				en,
				Base,
			);
			mainGroup = 9390ABAE1CA47516006F7572;
			productRefGroup = 9390ABB81CA47516006F7572 /* Products */;
			projectDirPath = "";
			projectRoot = "";
			targets = (
				9390ABB61CA47516006F7572 /* Where2Help */,
				9390ABCC1CA47517006F7572 /* Where2HelpTests */,
				9390ABD71CA47517006F7572 /* Where2HelpUITests */,
			);
		};
/* End PBXProject section */

/* Begin PBXResourcesBuildPhase section */
		9390ABB51CA47516006F7572 /* Resources */ = {
			isa = PBXResourcesBuildPhase;
			buildActionMask = 2147483647;
			files = (
				93F55B2F1CB93C1700E7EF4B /* shifts-all.json in Resources */,
				93535A6E1CB6639B0073BDB3 /* ShiftTableViewCell.xib in Resources */,
				9390ABC71CA47516006F7572 /* LaunchScreen.storyboard in Resources */,
				93F55B111CB7E42E00E7EF4B /* EventCollectionViewCell.xib in Resources */,
				9390ABC41CA47516006F7572 /* Assets.xcassets in Resources */,
				93F55B301CB93C1700E7EF4B /* shifts-current.json in Resources */,
				93F55B311CB93C1700E7EF4B /* shifts-past.json in Resources */,
				9390ABC21CA47516006F7572 /* Main.storyboard in Resources */,
			);
			runOnlyForDeploymentPostprocessing = 0;
		};
		9390ABCB1CA47517006F7572 /* Resources */ = {
			isa = PBXResourcesBuildPhase;
			buildActionMask = 2147483647;
			files = (
			);
			runOnlyForDeploymentPostprocessing = 0;
		};
		9390ABD61CA47517006F7572 /* Resources */ = {
			isa = PBXResourcesBuildPhase;
			buildActionMask = 2147483647;
			files = (
			);
			runOnlyForDeploymentPostprocessing = 0;
		};
/* End PBXResourcesBuildPhase section */

/* Begin PBXShellScriptBuildPhase section */
		09D22F1F45D384A2B0F43C7E /* 📦 Embed Pods Frameworks */ = {
			isa = PBXShellScriptBuildPhase;
			buildActionMask = 2147483647;
			files = (
			);
			inputPaths = (
			);
			name = "📦 Embed Pods Frameworks";
			outputPaths = (
			);
			runOnlyForDeploymentPostprocessing = 0;
			shellPath = /bin/sh;
			shellScript = "\"${SRCROOT}/Pods/Target Support Files/Pods-Where2Help/Pods-Where2Help-frameworks.sh\"\n";
			showEnvVarsInLog = 0;
		};
		0BE84EC016ECA5791EA9D85B /* 📦 Check Pods Manifest.lock */ = {
			isa = PBXShellScriptBuildPhase;
			buildActionMask = 2147483647;
			files = (
			);
			inputPaths = (
			);
			name = "📦 Check Pods Manifest.lock";
			outputPaths = (
			);
			runOnlyForDeploymentPostprocessing = 0;
			shellPath = /bin/sh;
			shellScript = "diff \"${PODS_ROOT}/../Podfile.lock\" \"${PODS_ROOT}/Manifest.lock\" > /dev/null\nif [[ $? != 0 ]] ; then\n    cat << EOM\nerror: The sandbox is not in sync with the Podfile.lock. Run 'pod install' or update your CocoaPods installation.\nEOM\n    exit 1\nfi\n";
			showEnvVarsInLog = 0;
		};
		28FC12C13147A82ACAA8ED52 /* 📦 Copy Pods Resources */ = {
			isa = PBXShellScriptBuildPhase;
			buildActionMask = 2147483647;
			files = (
			);
			inputPaths = (
			);
			name = "📦 Copy Pods Resources";
			outputPaths = (
			);
			runOnlyForDeploymentPostprocessing = 0;
			shellPath = /bin/sh;
			shellScript = "\"${SRCROOT}/Pods/Target Support Files/Pods-Where2HelpTests/Pods-Where2HelpTests-resources.sh\"\n";
			showEnvVarsInLog = 0;
		};
		3D4102AE5ACD18B08845F1D7 /* 📦 Copy Pods Resources */ = {
			isa = PBXShellScriptBuildPhase;
			buildActionMask = 2147483647;
			files = (
			);
			inputPaths = (
			);
			name = "📦 Copy Pods Resources";
			outputPaths = (
			);
			runOnlyForDeploymentPostprocessing = 0;
			shellPath = /bin/sh;
			shellScript = "\"${SRCROOT}/Pods/Target Support Files/Pods-Where2HelpUITests/Pods-Where2HelpUITests-resources.sh\"\n";
			showEnvVarsInLog = 0;
		};
		7C2C24D7A9833FC66A9990D0 /* 📦 Copy Pods Resources */ = {
			isa = PBXShellScriptBuildPhase;
			buildActionMask = 2147483647;
			files = (
			);
			inputPaths = (
			);
			name = "📦 Copy Pods Resources";
			outputPaths = (
			);
			runOnlyForDeploymentPostprocessing = 0;
			shellPath = /bin/sh;
			shellScript = "\"${SRCROOT}/Pods/Target Support Files/Pods-Where2Help/Pods-Where2Help-resources.sh\"\n";
			showEnvVarsInLog = 0;
		};
		C358A4255CD1499EF6433802 /* 📦 Check Pods Manifest.lock */ = {
			isa = PBXShellScriptBuildPhase;
			buildActionMask = 2147483647;
			files = (
			);
			inputPaths = (
			);
			name = "📦 Check Pods Manifest.lock";
			outputPaths = (
			);
			runOnlyForDeploymentPostprocessing = 0;
			shellPath = /bin/sh;
			shellScript = "diff \"${PODS_ROOT}/../Podfile.lock\" \"${PODS_ROOT}/Manifest.lock\" > /dev/null\nif [[ $? != 0 ]] ; then\n    cat << EOM\nerror: The sandbox is not in sync with the Podfile.lock. Run 'pod install' or update your CocoaPods installation.\nEOM\n    exit 1\nfi\n";
			showEnvVarsInLog = 0;
		};
		C5928EC702F3754D9C319F87 /* 📦 Embed Pods Frameworks */ = {
			isa = PBXShellScriptBuildPhase;
			buildActionMask = 2147483647;
			files = (
			);
			inputPaths = (
			);
			name = "📦 Embed Pods Frameworks";
			outputPaths = (
			);
			runOnlyForDeploymentPostprocessing = 0;
			shellPath = /bin/sh;
			shellScript = "\"${SRCROOT}/Pods/Target Support Files/Pods-Where2HelpTests/Pods-Where2HelpTests-frameworks.sh\"\n";
			showEnvVarsInLog = 0;
		};
		EECF16AE251313B32572D908 /* 📦 Check Pods Manifest.lock */ = {
			isa = PBXShellScriptBuildPhase;
			buildActionMask = 2147483647;
			files = (
			);
			inputPaths = (
			);
			name = "📦 Check Pods Manifest.lock";
			outputPaths = (
			);
			runOnlyForDeploymentPostprocessing = 0;
			shellPath = /bin/sh;
			shellScript = "diff \"${PODS_ROOT}/../Podfile.lock\" \"${PODS_ROOT}/Manifest.lock\" > /dev/null\nif [[ $? != 0 ]] ; then\n    cat << EOM\nerror: The sandbox is not in sync with the Podfile.lock. Run 'pod install' or update your CocoaPods installation.\nEOM\n    exit 1\nfi\n";
			showEnvVarsInLog = 0;
		};
/* End PBXShellScriptBuildPhase section */

/* Begin PBXSourcesBuildPhase section */
		9390ABB31CA47516006F7572 /* Sources */ = {
			isa = PBXSourcesBuildPhase;
			buildActionMask = 2147483647;
			files = (
				F89843B91CEDFD2E009B154C /* SignInViewController.swift in Sources */,
				93A37D011CADC918006089D1 /* EventCollectionViewCell.swift in Sources */,
				93F55B2B1CB90DCF00E7EF4B /* Coords.swift in Sources */,
				F8AA2D001CF7516400F108EE /* User.swift in Sources */,
				93535A701CB669690073BDB3 /* EventsViewController.swift in Sources */,
				9390ABBB1CA47516006F7572 /* AppDelegate.swift in Sources */,
				930230AF1CAD7D1000AFF791 /* EventStore.swift in Sources */,
				F89843BB1CEE0BEE009B154C /* Constants.swift in Sources */,
				93535A721CB66D530073BDB3 /* EventsInteractor.swift in Sources */,
				93F55B151CB7F37B00E7EF4B /* ShiftPresenter.swift in Sources */,
				93535A781CB67FE00073BDB3 /* EventDay.swift in Sources */,
				93F55B171CB8522100E7EF4B /* ShiftDetailViewController.swift in Sources */,
				F8AA2CFD1CF7451500F108EE /* APIClient.swift in Sources */,
				93535A761CB67FD90073BDB3 /* EventCalendar.swift in Sources */,
				93535A741CB66DE70073BDB3 /* EventsHandler.swift in Sources */,
				930230B11CAD7DA700AFF791 /* EventMapper.swift in Sources */,
				F8A631FA1D099E0E000AB8D3 /* LandingPageViewController.swift in Sources */,
				F8A631FC1D099F45000AB8D3 /* UserManager.swift in Sources */,
				21DEC02A1D1C1E7900EA7470 /* ProfileTableViewController.swift in Sources */,
				93F55B1C1CB8529900E7EF4B /* ShiftHandler.swift in Sources */,
				93F55B131CB7EF3000E7EF4B /* EventPresenter.swift in Sources */,
				93F55B251CB90B1700E7EF4B /* MapOperation.swift in Sources */,
				F8A063CE1D12E032009449F7 /* Theme.swift in Sources */,
				93F55B1E1CB903B200E7EF4B /* EventGeo.swift in Sources */,
				F82360CA1D253E7800F0E276 /* RegistrationViewController.swift in Sources */,
				F8A063CB1D12DE18009449F7 /* OptInAndOutButton.swift in Sources */,
				93F55B1A1CB8524D00E7EF4B /* ShiftDetailInteractor.swift in Sources */,
				93F55B271CB90BA900E7EF4B /* Locatable.swift in Sources */,
				93A37CBF1CAD8495006089D1 /* NSDate.swift in Sources */,
				93535A6D1CB6639B0073BDB3 /* ShiftTableViewCell.swift in Sources */,
			);
			runOnlyForDeploymentPostprocessing = 0;
		};
		9390ABC91CA47517006F7572 /* Sources */ = {
			isa = PBXSourcesBuildPhase;
			buildActionMask = 2147483647;
			files = (
				9390ABD21CA47517006F7572 /* Where2HelpTests.swift in Sources */,
			);
			runOnlyForDeploymentPostprocessing = 0;
		};
		9390ABD41CA47517006F7572 /* Sources */ = {
			isa = PBXSourcesBuildPhase;
			buildActionMask = 2147483647;
			files = (
				9390ABDD1CA47517006F7572 /* Where2HelpUITests.swift in Sources */,
			);
			runOnlyForDeploymentPostprocessing = 0;
		};
/* End PBXSourcesBuildPhase section */

/* Begin PBXTargetDependency section */
		9390ABCF1CA47517006F7572 /* PBXTargetDependency */ = {
			isa = PBXTargetDependency;
			target = 9390ABB61CA47516006F7572 /* Where2Help */;
			targetProxy = 9390ABCE1CA47517006F7572 /* PBXContainerItemProxy */;
		};
		9390ABDA1CA47517006F7572 /* PBXTargetDependency */ = {
			isa = PBXTargetDependency;
			target = 9390ABB61CA47516006F7572 /* Where2Help */;
			targetProxy = 9390ABD91CA47517006F7572 /* PBXContainerItemProxy */;
		};
/* End PBXTargetDependency section */

/* Begin PBXVariantGroup section */
		9390ABC01CA47516006F7572 /* Main.storyboard */ = {
			isa = PBXVariantGroup;
			children = (
				9390ABC11CA47516006F7572 /* Base */,
			);
			name = Main.storyboard;
			sourceTree = "<group>";
		};
		9390ABC51CA47516006F7572 /* LaunchScreen.storyboard */ = {
			isa = PBXVariantGroup;
			children = (
				9390ABC61CA47516006F7572 /* Base */,
			);
			name = LaunchScreen.storyboard;
			sourceTree = "<group>";
		};
/* End PBXVariantGroup section */

/* Begin XCBuildConfiguration section */
		9390ABDF1CA47517006F7572 /* Debug */ = {
			isa = XCBuildConfiguration;
			buildSettings = {
				ALWAYS_SEARCH_USER_PATHS = NO;
				CLANG_CXX_LANGUAGE_STANDARD = "gnu++0x";
				CLANG_CXX_LIBRARY = "libc++";
				CLANG_ENABLE_MODULES = YES;
				CLANG_ENABLE_OBJC_ARC = YES;
				CLANG_WARN_BOOL_CONVERSION = YES;
				CLANG_WARN_CONSTANT_CONVERSION = YES;
				CLANG_WARN_DIRECT_OBJC_ISA_USAGE = YES_ERROR;
				CLANG_WARN_EMPTY_BODY = YES;
				CLANG_WARN_ENUM_CONVERSION = YES;
				CLANG_WARN_INT_CONVERSION = YES;
				CLANG_WARN_OBJC_ROOT_CLASS = YES_ERROR;
				CLANG_WARN_UNREACHABLE_CODE = YES;
				CLANG_WARN__DUPLICATE_METHOD_MATCH = YES;
				"CODE_SIGN_IDENTITY[sdk=iphoneos*]" = "iPhone Developer";
				COPY_PHASE_STRIP = NO;
				DEBUG_INFORMATION_FORMAT = dwarf;
				ENABLE_STRICT_OBJC_MSGSEND = YES;
				ENABLE_TESTABILITY = YES;
				GCC_C_LANGUAGE_STANDARD = gnu99;
				GCC_DYNAMIC_NO_PIC = NO;
				GCC_NO_COMMON_BLOCKS = YES;
				GCC_OPTIMIZATION_LEVEL = 0;
				GCC_PREPROCESSOR_DEFINITIONS = (
					"DEBUG=1",
					"$(inherited)",
				);
				GCC_WARN_64_TO_32_BIT_CONVERSION = YES;
				GCC_WARN_ABOUT_RETURN_TYPE = YES_ERROR;
				GCC_WARN_UNDECLARED_SELECTOR = YES;
				GCC_WARN_UNINITIALIZED_AUTOS = YES_AGGRESSIVE;
				GCC_WARN_UNUSED_FUNCTION = YES;
				GCC_WARN_UNUSED_VARIABLE = YES;
				IPHONEOS_DEPLOYMENT_TARGET = 9.2;
				MTL_ENABLE_DEBUG_INFO = YES;
				ONLY_ACTIVE_ARCH = YES;
				SDKROOT = iphoneos;
				SWIFT_OPTIMIZATION_LEVEL = "-Onone";
				TARGETED_DEVICE_FAMILY = "1,2";
			};
			name = Debug;
		};
		9390ABE01CA47517006F7572 /* Release */ = {
			isa = XCBuildConfiguration;
			buildSettings = {
				ALWAYS_SEARCH_USER_PATHS = NO;
				CLANG_CXX_LANGUAGE_STANDARD = "gnu++0x";
				CLANG_CXX_LIBRARY = "libc++";
				CLANG_ENABLE_MODULES = YES;
				CLANG_ENABLE_OBJC_ARC = YES;
				CLANG_WARN_BOOL_CONVERSION = YES;
				CLANG_WARN_CONSTANT_CONVERSION = YES;
				CLANG_WARN_DIRECT_OBJC_ISA_USAGE = YES_ERROR;
				CLANG_WARN_EMPTY_BODY = YES;
				CLANG_WARN_ENUM_CONVERSION = YES;
				CLANG_WARN_INT_CONVERSION = YES;
				CLANG_WARN_OBJC_ROOT_CLASS = YES_ERROR;
				CLANG_WARN_UNREACHABLE_CODE = YES;
				CLANG_WARN__DUPLICATE_METHOD_MATCH = YES;
				"CODE_SIGN_IDENTITY[sdk=iphoneos*]" = "iPhone Developer";
				COPY_PHASE_STRIP = NO;
				DEBUG_INFORMATION_FORMAT = "dwarf-with-dsym";
				ENABLE_NS_ASSERTIONS = NO;
				ENABLE_STRICT_OBJC_MSGSEND = YES;
				GCC_C_LANGUAGE_STANDARD = gnu99;
				GCC_NO_COMMON_BLOCKS = YES;
				GCC_WARN_64_TO_32_BIT_CONVERSION = YES;
				GCC_WARN_ABOUT_RETURN_TYPE = YES_ERROR;
				GCC_WARN_UNDECLARED_SELECTOR = YES;
				GCC_WARN_UNINITIALIZED_AUTOS = YES_AGGRESSIVE;
				GCC_WARN_UNUSED_FUNCTION = YES;
				GCC_WARN_UNUSED_VARIABLE = YES;
				IPHONEOS_DEPLOYMENT_TARGET = 9.2;
				MTL_ENABLE_DEBUG_INFO = NO;
				SDKROOT = iphoneos;
				TARGETED_DEVICE_FAMILY = "1,2";
				VALIDATE_PRODUCT = YES;
			};
			name = Release;
		};
		9390ABE21CA47517006F7572 /* Debug */ = {
			isa = XCBuildConfiguration;
			baseConfigurationReference = 5C4823273F8BC8802CC8A9B5 /* Pods-Where2Help.debug.xcconfig */;
			buildSettings = {
				ASSETCATALOG_COMPILER_APPICON_NAME = AppIcon;
				CODE_SIGN_IDENTITY = "iPhone Developer";
				"CODE_SIGN_IDENTITY[sdk=iphoneos*]" = "iPhone Developer";
				INFOPLIST_FILE = Where2Help/Info.plist;
				IPHONEOS_DEPLOYMENT_TARGET = 8.0;
				LD_RUNPATH_SEARCH_PATHS = "$(inherited) @executable_path/Frameworks";
				PRODUCT_BUNDLE_IDENTIFIER = at.where2help.Where2Help;
				PRODUCT_NAME = "$(TARGET_NAME)";
				PROVISIONING_PROFILE = "";
			};
			name = Debug;
		};
		9390ABE31CA47517006F7572 /* Release */ = {
			isa = XCBuildConfiguration;
			baseConfigurationReference = E012CEC14CDADDB09E56A834 /* Pods-Where2Help.release.xcconfig */;
			buildSettings = {
				ASSETCATALOG_COMPILER_APPICON_NAME = AppIcon;
				CODE_SIGN_IDENTITY = "iPhone Developer";
				"CODE_SIGN_IDENTITY[sdk=iphoneos*]" = "iPhone Developer";
				INFOPLIST_FILE = Where2Help/Info.plist;
				IPHONEOS_DEPLOYMENT_TARGET = 8.0;
				LD_RUNPATH_SEARCH_PATHS = "$(inherited) @executable_path/Frameworks";
				PRODUCT_BUNDLE_IDENTIFIER = at.where2help.Where2Help;
				PRODUCT_NAME = "$(TARGET_NAME)";
				PROVISIONING_PROFILE = "";
			};
			name = Release;
		};
		9390ABE51CA47517006F7572 /* Debug */ = {
			isa = XCBuildConfiguration;
			baseConfigurationReference = EF170BDA0D0798BAC39ECC4C /* Pods-Where2HelpTests.debug.xcconfig */;
			buildSettings = {
				BUNDLE_LOADER = "$(TEST_HOST)";
				INFOPLIST_FILE = Where2HelpTests/Info.plist;
				LD_RUNPATH_SEARCH_PATHS = "$(inherited) @executable_path/Frameworks @loader_path/Frameworks";
				PRODUCT_BUNDLE_IDENTIFIER = at.where2help.Where2HelpTests;
				PRODUCT_NAME = "$(TARGET_NAME)";
				TEST_HOST = "$(BUILT_PRODUCTS_DIR)/Where2Help.app/Where2Help";
			};
			name = Debug;
		};
		9390ABE61CA47517006F7572 /* Release */ = {
			isa = XCBuildConfiguration;
			baseConfigurationReference = 729D76BB318251637E18A294 /* Pods-Where2HelpTests.release.xcconfig */;
			buildSettings = {
				BUNDLE_LOADER = "$(TEST_HOST)";
				INFOPLIST_FILE = Where2HelpTests/Info.plist;
				LD_RUNPATH_SEARCH_PATHS = "$(inherited) @executable_path/Frameworks @loader_path/Frameworks";
				PRODUCT_BUNDLE_IDENTIFIER = at.where2help.Where2HelpTests;
				PRODUCT_NAME = "$(TARGET_NAME)";
				TEST_HOST = "$(BUILT_PRODUCTS_DIR)/Where2Help.app/Where2Help";
			};
			name = Release;
		};
		9390ABE81CA47517006F7572 /* Debug */ = {
			isa = XCBuildConfiguration;
			baseConfigurationReference = DD122308B2FFF2C24E346C13 /* Pods-Where2HelpUITests.debug.xcconfig */;
			buildSettings = {
				INFOPLIST_FILE = Where2HelpUITests/Info.plist;
				LD_RUNPATH_SEARCH_PATHS = "$(inherited) @executable_path/Frameworks @loader_path/Frameworks";
				PRODUCT_BUNDLE_IDENTIFIER = at.where2help.Where2HelpUITests;
				PRODUCT_NAME = "$(TARGET_NAME)";
				TEST_TARGET_NAME = Where2Help;
				USES_XCTRUNNER = YES;
			};
			name = Debug;
		};
		9390ABE91CA47517006F7572 /* Release */ = {
			isa = XCBuildConfiguration;
			baseConfigurationReference = 8A54A4F70B39A37E79EC7873 /* Pods-Where2HelpUITests.release.xcconfig */;
			buildSettings = {
				INFOPLIST_FILE = Where2HelpUITests/Info.plist;
				LD_RUNPATH_SEARCH_PATHS = "$(inherited) @executable_path/Frameworks @loader_path/Frameworks";
				PRODUCT_BUNDLE_IDENTIFIER = at.where2help.Where2HelpUITests;
				PRODUCT_NAME = "$(TARGET_NAME)";
				TEST_TARGET_NAME = Where2Help;
				USES_XCTRUNNER = YES;
			};
			name = Release;
		};
/* End XCBuildConfiguration section */

/* Begin XCConfigurationList section */
		9390ABB21CA47516006F7572 /* Build configuration list for PBXProject "Where2Help" */ = {
			isa = XCConfigurationList;
			buildConfigurations = (
				9390ABDF1CA47517006F7572 /* Debug */,
				9390ABE01CA47517006F7572 /* Release */,
			);
			defaultConfigurationIsVisible = 0;
			defaultConfigurationName = Release;
		};
		9390ABE11CA47517006F7572 /* Build configuration list for PBXNativeTarget "Where2Help" */ = {
			isa = XCConfigurationList;
			buildConfigurations = (
				9390ABE21CA47517006F7572 /* Debug */,
				9390ABE31CA47517006F7572 /* Release */,
			);
			defaultConfigurationIsVisible = 0;
			defaultConfigurationName = Release;
		};
		9390ABE41CA47517006F7572 /* Build configuration list for PBXNativeTarget "Where2HelpTests" */ = {
			isa = XCConfigurationList;
			buildConfigurations = (
				9390ABE51CA47517006F7572 /* Debug */,
				9390ABE61CA47517006F7572 /* Release */,
			);
			defaultConfigurationIsVisible = 0;
			defaultConfigurationName = Release;
		};
		9390ABE71CA47517006F7572 /* Build configuration list for PBXNativeTarget "Where2HelpUITests" */ = {
			isa = XCConfigurationList;
			buildConfigurations = (
				9390ABE81CA47517006F7572 /* Debug */,
				9390ABE91CA47517006F7572 /* Release */,
			);
			defaultConfigurationIsVisible = 0;
			defaultConfigurationName = Release;
		};
/* End XCConfigurationList section */
	};
	rootObject = 9390ABAF1CA47516006F7572 /* Project object */;
}
